// !$*UTF8*$!
{
	archiveVersion = 1;
	classes = {
	};
	objectVersion = 77;
	objects = {

/* Begin PBXContainerItemProxy section */
		2C4FCB9D2D5D40F800F6893A /* PBXContainerItemProxy */ = {
			isa = PBXContainerItemProxy;
			containerPortal = 2C4FCB7F2D5D40F700F6893A /* Project object */;
			proxyType = 1;
			remoteGlobalIDString = 2C4FCB862D5D40F700F6893A;
			remoteInfo = Gero3DAdamAssignment;
		};
		2C4FCBA72D5D40F800F6893A /* PBXContainerItemProxy */ = {
			isa = PBXContainerItemProxy;
			containerPortal = 2C4FCB7F2D5D40F700F6893A /* Project object */;
			proxyType = 1;
			remoteGlobalIDString = 2C4FCB862D5D40F700F6893A;
			remoteInfo = Gero3DAdamAssignment;
		};
/* End PBXContainerItemProxy section */

/* Begin PBXFileReference section */
		2C4FCB872D5D40F700F6893A /* Gero3DAdamAssignment.app */ = {isa = PBXFileReference; explicitFileType = wrapper.application; includeInIndex = 0; path = Gero3DAdamAssignment.app; sourceTree = BUILT_PRODUCTS_DIR; };
		2C4FCB9C2D5D40F800F6893A /* Gero3DAdamAssignmentTests.xctest */ = {isa = PBXFileReference; explicitFileType = wrapper.cfbundle; includeInIndex = 0; path = Gero3DAdamAssignmentTests.xctest; sourceTree = BUILT_PRODUCTS_DIR; };
		2C4FCBA62D5D40F800F6893A /* Gero3DAdamAssignmentUITests.xctest */ = {isa = PBXFileReference; explicitFileType = wrapper.cfbundle; includeInIndex = 0; path = Gero3DAdamAssignmentUITests.xctest; sourceTree = BUILT_PRODUCTS_DIR; };
/* End PBXFileReference section */

/* Begin PBXFileSystemSynchronizedBuildFileExceptionSet section */
		2CD852612D5E858B0093BD5A /* Exceptions for "Gero3DAdamAssignment" folder in "Gero3DAdamAssignment" target */ = {
			isa = PBXFileSystemSynchronizedBuildFileExceptionSet;
			membershipExceptions = (
				Info.plist,
			);
			target = 2C4FCB862D5D40F700F6893A /* Gero3DAdamAssignment */;
		};
/* End PBXFileSystemSynchronizedBuildFileExceptionSet section */

/* Begin PBXFileSystemSynchronizedRootGroup section */
		2C4FCB892D5D40F700F6893A /* Gero3DAdamAssignment */ = {
			isa = PBXFileSystemSynchronizedRootGroup;
			exceptions = (
				2CD852612D5E858B0093BD5A /* Exceptions for "Gero3DAdamAssignment" folder in "Gero3DAdamAssignment" target */,
			);
			path = Gero3DAdamAssignment;
			sourceTree = "<group>";
		};
/* End PBXFileSystemSynchronizedRootGroup section */

/* Begin PBXFrameworksBuildPhase section */
		2C4FCB842D5D40F700F6893A /* Frameworks */ = {
			isa = PBXFrameworksBuildPhase;
			buildActionMask = 2147483647;
			files = (
			);
			runOnlyForDeploymentPostprocessing = 0;
		};
		2C4FCB992D5D40F800F6893A /* Frameworks */ = {
			isa = PBXFrameworksBuildPhase;
			buildActionMask = 2147483647;
			files = (
			);
			runOnlyForDeploymentPostprocessing = 0;
		};
		2C4FCBA32D5D40F800F6893A /* Frameworks */ = {
			isa = PBXFrameworksBuildPhase;
			buildActionMask = 2147483647;
			files = (
			);
			runOnlyForDeploymentPostprocessing = 0;
		};
/* End PBXFrameworksBuildPhase section */

/* Begin PBXGroup section */
		2C4FCB7E2D5D40F700F6893A = {
			isa = PBXGroup;
			children = (
				2C4FCB892D5D40F700F6893A /* Gero3DAdamAssignment */,
				2C4FCB882D5D40F700F6893A /* Products */,
			);
			sourceTree = "<group>";
		};
		2C4FCB882D5D40F700F6893A /* Products */ = {
			isa = PBXGroup;
			children = (
				2C4FCB872D5D40F700F6893A /* Gero3DAdamAssignment.app */,
				2C4FCB9C2D5D40F800F6893A /* Gero3DAdamAssignmentTests.xctest */,
				2C4FCBA62D5D40F800F6893A /* Gero3DAdamAssignmentUITests.xctest */,
			);
			name = Products;
			sourceTree = "<group>";
		};
/* End PBXGroup section */

/* Begin PBXNativeTarget section */
		2C4FCB862D5D40F700F6893A /* Gero3DAdamAssignment */ = {
			isa = PBXNativeTarget;
			buildConfigurationList = 2C4FCBB02D5D40F800F6893A /* Build configuration list for PBXNativeTarget "Gero3DAdamAssignment" */;
			buildPhases = (
				2C4FCB832D5D40F700F6893A /* Sources */,
				2C4FCB842D5D40F700F6893A /* Frameworks */,
				2C4FCB852D5D40F700F6893A /* Resources */,
			);
			buildRules = (
			);
			dependencies = (
			);
			fileSystemSynchronizedGroups = (
				2C4FCB892D5D40F700F6893A /* Gero3DAdamAssignment */,
			);
			name = Gero3DAdamAssignment;
			packageProductDependencies = (
			);
			productName = Gero3DAdamAssignment;
			productReference = 2C4FCB872D5D40F700F6893A /* Gero3DAdamAssignment.app */;
			productType = "com.apple.product-type.application";
		};
		2C4FCB9B2D5D40F800F6893A /* Gero3DAdamAssignmentTests */ = {
			isa = PBXNativeTarget;
			buildConfigurationList = 2C4FCBB32D5D40F800F6893A /* Build configuration list for PBXNativeTarget "Gero3DAdamAssignmentTests" */;
			buildPhases = (
				2C4FCB982D5D40F800F6893A /* Sources */,
				2C4FCB992D5D40F800F6893A /* Frameworks */,
				2C4FCB9A2D5D40F800F6893A /* Resources */,
			);
			buildRules = (
			);
			dependencies = (
				2C4FCB9E2D5D40F800F6893A /* PBXTargetDependency */,
			);
			name = Gero3DAdamAssignmentTests;
			packageProductDependencies = (
			);
			productName = Gero3DAdamAssignmentTests;
			productReference = 2C4FCB9C2D5D40F800F6893A /* Gero3DAdamAssignmentTests.xctest */;
			productType = "com.apple.product-type.bundle.unit-test";
		};
		2C4FCBA52D5D40F800F6893A /* Gero3DAdamAssignmentUITests */ = {
			isa = PBXNativeTarget;
			buildConfigurationList = 2C4FCBB62D5D40F800F6893A /* Build configuration list for PBXNativeTarget "Gero3DAdamAssignmentUITests" */;
			buildPhases = (
				2C4FCBA22D5D40F800F6893A /* Sources */,
				2C4FCBA32D5D40F800F6893A /* Frameworks */,
				2C4FCBA42D5D40F800F6893A /* Resources */,
			);
			buildRules = (
			);
			dependencies = (
				2C4FCBA82D5D40F800F6893A /* PBXTargetDependency */,
			);
			name = Gero3DAdamAssignmentUITests;
			packageProductDependencies = (
			);
			productName = Gero3DAdamAssignmentUITests;
			productReference = 2C4FCBA62D5D40F800F6893A /* Gero3DAdamAssignmentUITests.xctest */;
			productType = "com.apple.product-type.bundle.ui-testing";
		};
/* End PBXNativeTarget section */

/* Begin PBXProject section */
		2C4FCB7F2D5D40F700F6893A /* Project object */ = {
			isa = PBXProject;
			attributes = {
				BuildIndependentTargetsInParallel = 1;
				LastSwiftUpdateCheck = 1620;
				LastUpgradeCheck = 1620;
				TargetAttributes = {
					2C4FCB862D5D40F700F6893A = {
						CreatedOnToolsVersion = 16.2;
					};
					2C4FCB9B2D5D40F800F6893A = {
						CreatedOnToolsVersion = 16.2;
						TestTargetID = 2C4FCB862D5D40F700F6893A;
					};
					2C4FCBA52D5D40F800F6893A = {
						CreatedOnToolsVersion = 16.2;
						TestTargetID = 2C4FCB862D5D40F700F6893A;
					};
				};
			};
			buildConfigurationList = 2C4FCB822D5D40F700F6893A /* Build configuration list for PBXProject "Gero3DAdamAssignment" */;
			developmentRegion = en;
			hasScannedForEncodings = 0;
			knownRegions = (
				en,
				Base,
			);
			mainGroup = 2C4FCB7E2D5D40F700F6893A;
			minimizedProjectReferenceProxies = 1;
			preferredProjectObjectVersion = 77;
			productRefGroup = 2C4FCB882D5D40F700F6893A /* Products */;
			projectDirPath = "";
			projectRoot = "";
			targets = (
				2C4FCB862D5D40F700F6893A /* Gero3DAdamAssignment */,
				2C4FCB9B2D5D40F800F6893A /* Gero3DAdamAssignmentTests */,
				2C4FCBA52D5D40F800F6893A /* Gero3DAdamAssignmentUITests */,
			);
		};
/* End PBXProject section */

/* Begin PBXResourcesBuildPhase section */
		2C4FCB852D5D40F700F6893A /* Resources */ = {
			isa = PBXResourcesBuildPhase;
			buildActionMask = 2147483647;
			files = (
			);
			runOnlyForDeploymentPostprocessing = 0;
		};
		2C4FCB9A2D5D40F800F6893A /* Resources */ = {
			isa = PBXResourcesBuildPhase;
			buildActionMask = 2147483647;
			files = (
			);
			runOnlyForDeploymentPostprocessing = 0;
		};
		2C4FCBA42D5D40F800F6893A /* Resources */ = {
			isa = PBXResourcesBuildPhase;
			buildActionMask = 2147483647;
			files = (
			);
			runOnlyForDeploymentPostprocessing = 0;
		};
/* End PBXResourcesBuildPhase section */

/* Begin PBXSourcesBuildPhase section */
		2C4FCB832D5D40F700F6893A /* Sources */ = {
			isa = PBXSourcesBuildPhase;
			buildActionMask = 2147483647;
			files = (
			);
			runOnlyForDeploymentPostprocessing = 0;
		};
		2C4FCB982D5D40F800F6893A /* Sources */ = {
			isa = PBXSourcesBuildPhase;
			buildActionMask = 2147483647;
			files = (
			);
			runOnlyForDeploymentPostprocessing = 0;
		};
		2C4FCBA22D5D40F800F6893A /* Sources */ = {
			isa = PBXSourcesBuildPhase;
			buildActionMask = 2147483647;
			files = (
			);
			runOnlyForDeploymentPostprocessing = 0;
		};
/* End PBXSourcesBuildPhase section */

/* Begin PBXTargetDependency section */
		2C4FCB9E2D5D40F800F6893A /* PBXTargetDependency */ = {
			isa = PBXTargetDependency;
			target = 2C4FCB862D5D40F700F6893A /* Gero3DAdamAssignment */;
			targetProxy = 2C4FCB9D2D5D40F800F6893A /* PBXContainerItemProxy */;
		};
		2C4FCBA82D5D40F800F6893A /* PBXTargetDependency */ = {
			isa = PBXTargetDependency;
			target = 2C4FCB862D5D40F700F6893A /* Gero3DAdamAssignment */;
			targetProxy = 2C4FCBA72D5D40F800F6893A /* PBXContainerItemProxy */;
		};
/* End PBXTargetDependency section */

/* Begin XCBuildConfiguration section */
		2C4FCBAE2D5D40F800F6893A /* Debug */ = {
			isa = XCBuildConfiguration;
			buildSettings = {
				ALWAYS_SEARCH_USER_PATHS = NO;
				ASSETCATALOG_COMPILER_GENERATE_SWIFT_ASSET_SYMBOL_EXTENSIONS = YES;
				CLANG_ANALYZER_NONNULL = YES;
				CLANG_ANALYZER_NUMBER_OBJECT_CONVERSION = YES_AGGRESSIVE;
				CLANG_CXX_LANGUAGE_STANDARD = "gnu++20";
				CLANG_ENABLE_MODULES = YES;
				CLANG_ENABLE_OBJC_ARC = YES;
				CLANG_ENABLE_OBJC_WEAK = YES;
				CLANG_WARN_BLOCK_CAPTURE_AUTORELEASING = YES;
				CLANG_WARN_BOOL_CONVERSION = YES;
				CLANG_WARN_COMMA = YES;
				CLANG_WARN_CONSTANT_CONVERSION = YES;
				CLANG_WARN_DEPRECATED_OBJC_IMPLEMENTATIONS = YES;
				CLANG_WARN_DIRECT_OBJC_ISA_USAGE = YES_ERROR;
				CLANG_WARN_DOCUMENTATION_COMMENTS = YES;
				CLANG_WARN_EMPTY_BODY = YES;
				CLANG_WARN_ENUM_CONVERSION = YES;
				CLANG_WARN_INFINITE_RECURSION = YES;
				CLANG_WARN_INT_CONVERSION = YES;
				CLANG_WARN_NON_LITERAL_NULL_CONVERSION = YES;
				CLANG_WARN_OBJC_IMPLICIT_RETAIN_SELF = YES;
				CLANG_WARN_OBJC_LITERAL_CONVERSION = YES;
				CLANG_WARN_OBJC_ROOT_CLASS = YES_ERROR;
				CLANG_WARN_QUOTED_INCLUDE_IN_FRAMEWORK_HEADER = YES;
				CLANG_WARN_RANGE_LOOP_ANALYSIS = YES;
				CLANG_WARN_STRICT_PROTOTYPES = YES;
				CLANG_WARN_SUSPICIOUS_MOVE = YES;
				CLANG_WARN_UNGUARDED_AVAILABILITY = YES_AGGRESSIVE;
				CLANG_WARN_UNREACHABLE_CODE = YES;
				CLANG_WARN__DUPLICATE_METHOD_MATCH = YES;
				COPY_PHASE_STRIP = NO;
				DEBUG_INFORMATION_FORMAT = dwarf;
				ENABLE_STRICT_OBJC_MSGSEND = YES;
				ENABLE_TESTABILITY = YES;
				ENABLE_USER_SCRIPT_SANDBOXING = YES;
				GCC_C_LANGUAGE_STANDARD = gnu17;
				GCC_DYNAMIC_NO_PIC = NO;
				GCC_NO_COMMON_BLOCKS = YES;
				GCC_OPTIMIZATION_LEVEL = 0;
				GCC_PREPROCESSOR_DEFINITIONS = (
					"DEBUG=1",
					"$(inherited)",
				);
				GCC_WARN_64_TO_32_BIT_CONVERSION = YES;
				GCC_WARN_ABOUT_RETURN_TYPE = YES_ERROR;
				GCC_WARN_UNDECLARED_SELECTOR = YES;
				GCC_WARN_UNINITIALIZED_AUTOS = YES_AGGRESSIVE;
				GCC_WARN_UNUSED_FUNCTION = YES;
				GCC_WARN_UNUSED_VARIABLE = YES;
				IPHONEOS_DEPLOYMENT_TARGET = 18.2;
				LOCALIZATION_PREFERS_STRING_CATALOGS = YES;
				MTL_ENABLE_DEBUG_INFO = INCLUDE_SOURCE;
				MTL_FAST_MATH = YES;
				ONLY_ACTIVE_ARCH = YES;
				SDKROOT = iphoneos;
				SWIFT_ACTIVE_COMPILATION_CONDITIONS = "DEBUG $(inherited)";
				SWIFT_OPTIMIZATION_LEVEL = "-Onone";
			};
			name = Debug;
		};
		2C4FCBAF2D5D40F800F6893A /* Release */ = {
			isa = XCBuildConfiguration;
			buildSettings = {
				ALWAYS_SEARCH_USER_PATHS = NO;
				ASSETCATALOG_COMPILER_GENERATE_SWIFT_ASSET_SYMBOL_EXTENSIONS = YES;
				CLANG_ANALYZER_NONNULL = YES;
				CLANG_ANALYZER_NUMBER_OBJECT_CONVERSION = YES_AGGRESSIVE;
				CLANG_CXX_LANGUAGE_STANDARD = "gnu++20";
				CLANG_ENABLE_MODULES = YES;
				CLANG_ENABLE_OBJC_ARC = YES;
				CLANG_ENABLE_OBJC_WEAK = YES;
				CLANG_WARN_BLOCK_CAPTURE_AUTORELEASING = YES;
				CLANG_WARN_BOOL_CONVERSION = YES;
				CLANG_WARN_COMMA = YES;
				CLANG_WARN_CONSTANT_CONVERSION = YES;
				CLANG_WARN_DEPRECATED_OBJC_IMPLEMENTATIONS = YES;
				CLANG_WARN_DIRECT_OBJC_ISA_USAGE = YES_ERROR;
				CLANG_WARN_DOCUMENTATION_COMMENTS = YES;
				CLANG_WARN_EMPTY_BODY = YES;
				CLANG_WARN_ENUM_CONVERSION = YES;
				CLANG_WARN_INFINITE_RECURSION = YES;
				CLANG_WARN_INT_CONVERSION = YES;
				CLANG_WARN_NON_LITERAL_NULL_CONVERSION = YES;
				CLANG_WARN_OBJC_IMPLICIT_RETAIN_SELF = YES;
				CLANG_WARN_OBJC_LITERAL_CONVERSION = YES;
				CLANG_WARN_OBJC_ROOT_CLASS = YES_ERROR;
				CLANG_WARN_QUOTED_INCLUDE_IN_FRAMEWORK_HEADER = YES;
				CLANG_WARN_RANGE_LOOP_ANALYSIS = YES;
				CLANG_WARN_STRICT_PROTOTYPES = YES;
				CLANG_WARN_SUSPICIOUS_MOVE = YES;
				CLANG_WARN_UNGUARDED_AVAILABILITY = YES_AGGRESSIVE;
				CLANG_WARN_UNREACHABLE_CODE = YES;
				CLANG_WARN__DUPLICATE_METHOD_MATCH = YES;
				COPY_PHASE_STRIP = NO;
				DEBUG_INFORMATION_FORMAT = "dwarf-with-dsym";
				ENABLE_NS_ASSERTIONS = NO;
				ENABLE_STRICT_OBJC_MSGSEND = YES;
				ENABLE_USER_SCRIPT_SANDBOXING = YES;
				GCC_C_LANGUAGE_STANDARD = gnu17;
				GCC_NO_COMMON_BLOCKS = YES;
				GCC_WARN_64_TO_32_BIT_CONVERSION = YES;
				GCC_WARN_ABOUT_RETURN_TYPE = YES_ERROR;
				GCC_WARN_UNDECLARED_SELECTOR = YES;
				GCC_WARN_UNINITIALIZED_AUTOS = YES_AGGRESSIVE;
				GCC_WARN_UNUSED_FUNCTION = YES;
				GCC_WARN_UNUSED_VARIABLE = YES;
				IPHONEOS_DEPLOYMENT_TARGET = 18.2;
				LOCALIZATION_PREFERS_STRING_CATALOGS = YES;
				MTL_ENABLE_DEBUG_INFO = NO;
				MTL_FAST_MATH = YES;
				SDKROOT = iphoneos;
				SWIFT_COMPILATION_MODE = wholemodule;
				VALIDATE_PRODUCT = YES;
			};
			name = Release;
		};
		2C4FCBB12D5D40F800F6893A /* Debug */ = {
			isa = XCBuildConfiguration;
			buildSettings = {
				ASSETCATALOG_COMPILER_APPICON_NAME = AppIcon;
				ASSETCATALOG_COMPILER_GLOBAL_ACCENT_COLOR_NAME = AccentColor;
				CODE_SIGN_STYLE = Automatic;
				CURRENT_PROJECT_VERSION = 1;
				DEVELOPMENT_TEAM = UVPCE6PG4A;
				GENERATE_INFOPLIST_FILE = YES;
				INFOPLIST_FILE = Gero3DAdamAssignment/Info.plist;
				INFOPLIST_KEY_CFBundleDisplayName = "arkit-gero3D";
				INFOPLIST_KEY_NSCameraUsageDescription = "";
				INFOPLIST_KEY_NSSensorKitUsageDescription = "For gathering some light ";
				INFOPLIST_KEY_UIApplicationSupportsIndirectInputEvents = YES;
				INFOPLIST_KEY_UILaunchStoryboardName = LaunchScreen;
				INFOPLIST_KEY_UIMainStoryboardFile = Main;
				INFOPLIST_KEY_UIRequiredDeviceCapabilities = arkit;
				INFOPLIST_KEY_UIStatusBarHidden = YES;
				INFOPLIST_KEY_UISupportedInterfaceOrientations_iPad = "UIInterfaceOrientationPortrait UIInterfaceOrientationPortraitUpsideDown UIInterfaceOrientationLandscapeLeft UIInterfaceOrientationLandscapeRight";
				INFOPLIST_KEY_UISupportedInterfaceOrientations_iPhone = "UIInterfaceOrientationPortrait UIInterfaceOrientationLandscapeLeft UIInterfaceOrientationLandscapeRight";
				IPHONEOS_DEPLOYMENT_TARGET = 16.6;
				LD_RUNPATH_SEARCH_PATHS = (
					"$(inherited)",
					"@executable_path/Frameworks",
				);
				MARKETING_VERSION = 1.0;
				PRODUCT_BUNDLE_IDENTIFIER = com.shulman.Gero3DAdamAssignment;
				PRODUCT_NAME = "$(TARGET_NAME)";
				SWIFT_EMIT_LOC_STRINGS = YES;
				SWIFT_VERSION = 5.0;
				TARGETED_DEVICE_FAMILY = "1,2";
			};
			name = Debug;
		};
		2C4FCBB22D5D40F800F6893A /* Release */ = {
			isa = XCBuildConfiguration;
			buildSettings = {
				ASSETCATALOG_COMPILER_APPICON_NAME = AppIcon;
				ASSETCATALOG_COMPILER_GLOBAL_ACCENT_COLOR_NAME = AccentColor;
				CODE_SIGN_STYLE = Automatic;
				CURRENT_PROJECT_VERSION = 1;
				DEVELOPMENT_TEAM = UVPCE6PG4A;
				GENERATE_INFOPLIST_FILE = YES;
				INFOPLIST_FILE = Gero3DAdamAssignment/Info.plist;
				INFOPLIST_KEY_CFBundleDisplayName = "arkit-gero3D";
				INFOPLIST_KEY_NSCameraUsageDescription = "";
				INFOPLIST_KEY_NSSensorKitUsageDescription = "For gathering some light ";
				INFOPLIST_KEY_UIApplicationSupportsIndirectInputEvents = YES;
				INFOPLIST_KEY_UILaunchStoryboardName = LaunchScreen;
				INFOPLIST_KEY_UIMainStoryboardFile = Main;
				INFOPLIST_KEY_UIRequiredDeviceCapabilities = arkit;
				INFOPLIST_KEY_UIStatusBarHidden = YES;
				INFOPLIST_KEY_UISupportedInterfaceOrientations_iPad = "UIInterfaceOrientationPortrait UIInterfaceOrientationPortraitUpsideDown UIInterfaceOrientationLandscapeLeft UIInterfaceOrientationLandscapeRight";
				INFOPLIST_KEY_UISupportedInterfaceOrientations_iPhone = "UIInterfaceOrientationPortrait UIInterfaceOrientationLandscapeLeft UIInterfaceOrientationLandscapeRight";
				IPHONEOS_DEPLOYMENT_TARGET = 16.6;
				LD_RUNPATH_SEARCH_PATHS = (
					"$(inherited)",
					"@executable_path/Frameworks",
				);
				MARKETING_VERSION = 1.0;
				PRODUCT_BUNDLE_IDENTIFIER = com.shulman.Gero3DAdamAssignment;
				PRODUCT_NAME = "$(TARGET_NAME)";
				SWIFT_EMIT_LOC_STRINGS = YES;
				SWIFT_VERSION = 5.0;
				TARGETED_DEVICE_FAMILY = "1,2";
			};
			name = Release;
		};
		2C4FCBB42D5D40F800F6893A /* Debug */ = {
			isa = XCBuildConfiguration;
			buildSettings = {
				BUNDLE_LOADER = "$(TEST_HOST)";
				CODE_SIGN_STYLE = Automatic;
				CURRENT_PROJECT_VERSION = 1;
				DEVELOPMENT_TEAM = UVPCE6PG4A;
				GENERATE_INFOPLIST_FILE = YES;
				IPHONEOS_DEPLOYMENT_TARGET = 18.2;
				MARKETING_VERSION = 1.0;
				PRODUCT_BUNDLE_IDENTIFIER = Shulman.Gero3DAdamAssignmentTests;
				PRODUCT_NAME = "$(TARGET_NAME)";
				SWIFT_EMIT_LOC_STRINGS = NO;
				SWIFT_VERSION = 5.0;
				TARGETED_DEVICE_FAMILY = "1,2";
				TEST_HOST = "$(BUILT_PRODUCTS_DIR)/Gero3DAdamAssignment.app/$(BUNDLE_EXECUTABLE_FOLDER_PATH)/Gero3DAdamAssignment";
			};
			name = Debug;
		};
		2C4FCBB52D5D40F800F6893A /* Release */ = {
			isa = XCBuildConfiguration;
			buildSettings = {
				BUNDLE_LOADER = "$(TEST_HOST)";
				CODE_SIGN_STYLE = Automatic;
				CURRENT_PROJECT_VERSION = 1;
				DEVELOPMENT_TEAM = UVPCE6PG4A;
				GENERATE_INFOPLIST_FILE = YES;
				IPHONEOS_DEPLOYMENT_TARGET = 18.2;
				MARKETING_VERSION = 1.0;
				PRODUCT_BUNDLE_IDENTIFIER = Shulman.Gero3DAdamAssignmentTests;
				PRODUCT_NAME = "$(TARGET_NAME)";
				SWIFT_EMIT_LOC_STRINGS = NO;
				SWIFT_VERSION = 5.0;
				TARGETED_DEVICE_FAMILY = "1,2";
				TEST_HOST = "$(BUILT_PRODUCTS_DIR)/Gero3DAdamAssignment.app/$(BUNDLE_EXECUTABLE_FOLDER_PATH)/Gero3DAdamAssignment";
			};
			name = Release;
		};
		2C4FCBB72D5D40F800F6893A /* Debug */ = {
			isa = XCBuildConfiguration;
			buildSettings = {
				CODE_SIGN_STYLE = Automatic;
				CURRENT_PROJECT_VERSION = 1;
				DEVELOPMENT_TEAM = UVPCE6PG4A;
				GENERATE_INFOPLIST_FILE = YES;
				MARKETING_VERSION = 1.0;
				PRODUCT_BUNDLE_IDENTIFIER = Shulman.Gero3DAdamAssignmentUITests;
				PRODUCT_NAME = "$(TARGET_NAME)";
				SWIFT_EMIT_LOC_STRINGS = NO;
				SWIFT_VERSION = 5.0;
				TARGETED_DEVICE_FAMILY = "1,2";
				TEST_TARGET_NAME = Gero3DAdamAssignment;
			};
			name = Debug;
		};
		2C4FCBB82D5D40F800F6893A /* Release */ = {
			isa = XCBuildConfiguration;
			buildSettings = {
				CODE_SIGN_STYLE = Automatic;
				CURRENT_PROJECT_VERSION = 1;
				DEVELOPMENT_TEAM = UVPCE6PG4A;
				GENERATE_INFOPLIST_FILE = YES;
				MARKETING_VERSION = 1.0;
				PRODUCT_BUNDLE_IDENTIFIER = Shulman.Gero3DAdamAssignmentUITests;
				PRODUCT_NAME = "$(TARGET_NAME)";
				SWIFT_EMIT_LOC_STRINGS = NO;
				SWIFT_VERSION = 5.0;
				TARGETED_DEVICE_FAMILY = "1,2";
				TEST_TARGET_NAME = Gero3DAdamAssignment;
			};
			name = Release;
		};
/* End XCBuildConfiguration section */

/* Begin XCConfigurationList section */
		2C4FCB822D5D40F700F6893A /* Build configuration list for PBXProject "Gero3DAdamAssignment" */ = {
			isa = XCConfigurationList;
			buildConfigurations = (
				2C4FCBAE2D5D40F800F6893A /* Debug */,
				2C4FCBAF2D5D40F800F6893A /* Release */,
			);
			defaultConfigurationIsVisible = 0;
			defaultConfigurationName = Release;
		};
		2C4FCBB02D5D40F800F6893A /* Build configuration list for PBXNativeTarget "Gero3DAdamAssignment" */ = {
			isa = XCConfigurationList;
			buildConfigurations = (
				2C4FCBB12D5D40F800F6893A /* Debug */,
				2C4FCBB22D5D40F800F6893A /* Release */,
			);
			defaultConfigurationIsVisible = 0;
			defaultConfigurationName = Release;
		};
		2C4FCBB32D5D40F800F6893A /* Build configuration list for PBXNativeTarget "Gero3DAdamAssignmentTests" */ = {
			isa = XCConfigurationList;
			buildConfigurations = (
				2C4FCBB42D5D40F800F6893A /* Debug */,
				2C4FCBB52D5D40F800F6893A /* Release */,
			);
			defaultConfigurationIsVisible = 0;
			defaultConfigurationName = Release;
		};
		2C4FCBB62D5D40F800F6893A /* Build configuration list for PBXNativeTarget "Gero3DAdamAssignmentUITests" */ = {
			isa = XCConfigurationList;
			buildConfigurations = (
				2C4FCBB72D5D40F800F6893A /* Debug */,
				2C4FCBB82D5D40F800F6893A /* Release */,
			);
			defaultConfigurationIsVisible = 0;
			defaultConfigurationName = Release;
		};
/* End XCConfigurationList section */
	};
	rootObject = 2C4FCB7F2D5D40F700F6893A /* Project object */;
}
